
Microsoft Visual Studio Solution File, Format Version 12.00
# Visual Studio Version 17
VisualStudioVersion = 17.3.32929.385
MinimumVisualStudioVersion = 10.0.40219.1
Project("{9A19103F-16F7-4668-BE54-9A1E7A4F7556}") = "AppCompte", "CompteBancaire\AppCompte.csproj", "{D2347B61-57A2-4EE4-B27A-A7012CF429D8}"
EndProject
Project("{9A19103F-16F7-4668-BE54-9A1E7A4F7556}") = "ClassCompteBancaire", "ClassCompteBancaire\ClassCompteBancaire.csproj", "{CE261E2F-09BA-4B7B-B04D-086410CD04ED}"
EndProject
Global
	GlobalSection(SolutionConfigurationPlatforms) = preSolution
		Debug|Any CPU = Debug|Any CPU
		Release|Any CPU = Release|Any CPU
	EndGlobalSection
	GlobalSection(ProjectConfigurationPlatforms) = postSolution
		{D2347B61-57A2-4EE4-B27A-A7012CF429D8}.Debug|Any CPU.ActiveCfg = Debug|Any CPU
		{D2347B61-57A2-4EE4-B27A-A7012CF429D8}.Debug|Any CPU.Build.0 = Debug|Any CPU
		{D2347B61-57A2-4EE4-B27A-A7012CF429D8}.Release|Any CPU.ActiveCfg = Release|Any CPU
		{D2347B61-57A2-4EE4-B27A-A7012CF429D8}.Release|Any CPU.Build.0 = Release|Any CPU
		{CE261E2F-09BA-4B7B-B04D-086410CD04ED}.Debug|Any CPU.ActiveCfg = Debug|Any CPU
		{CE261E2F-09BA-4B7B-B04D-086410CD04ED}.Debug|Any CPU.Build.0 = Debug|Any CPU
		{CE261E2F-09BA-4B7B-B04D-086410CD04ED}.Release|Any CPU.ActiveCfg = Release|Any CPU
		{CE261E2F-09BA-4B7B-B04D-086410CD04ED}.Release|Any CPU.Build.0 = Release|Any CPU
	EndGlobalSection
	GlobalSection(SolutionProperties) = preSolution
		HideSolutionNode = FALSE
	EndGlobalSection
	GlobalSection(ExtensibilityGlobals) = postSolution
		SolutionGuid = {664AC96A-3648-4EA0-BCA0-8C7B99FA312C}
	EndGlobalSection
EndGlobal
