
Microsoft Visual Studio Solution File, Format Version 12.00
# Visual Studio Version 17
VisualStudioVersion = 17.3.32929.385
MinimumVisualStudioVersion = 10.0.40219.1
Project("{FAE04EC0-301F-11D3-BF4B-00C04F79EFBC}") = "ConsoleVoiture", "ConsoleVoiture\ConsoleVoiture.csproj", "{C88A82D6-63A1-4258-A5DC-8C186992CFC9}"
EndProject
Project("{FAE04EC0-301F-11D3-BF4B-00C04F79EFBC}") = "ClassVoiture", "ClassVoiture\ClassVoiture.csproj", "{66EB28FD-9CE4-4FFF-A40C-C99B9C2A0497}"
EndProject
Global
	GlobalSection(SolutionConfigurationPlatforms) = preSolution
		Debug|Any CPU = Debug|Any CPU
		Release|Any CPU = Release|Any CPU
	EndGlobalSection
	GlobalSection(ProjectConfigurationPlatforms) = postSolution
		{C88A82D6-63A1-4258-A5DC-8C186992CFC9}.Debug|Any CPU.ActiveCfg = Debug|Any CPU
		{C88A82D6-63A1-4258-A5DC-8C186992CFC9}.Debug|Any CPU.Build.0 = Debug|Any CPU
		{C88A82D6-63A1-4258-A5DC-8C186992CFC9}.Release|Any CPU.ActiveCfg = Release|Any CPU
		{C88A82D6-63A1-4258-A5DC-8C186992CFC9}.Release|Any CPU.Build.0 = Release|Any CPU
		{66EB28FD-9CE4-4FFF-A40C-C99B9C2A0497}.Debug|Any CPU.ActiveCfg = Debug|Any CPU
		{66EB28FD-9CE4-4FFF-A40C-C99B9C2A0497}.Debug|Any CPU.Build.0 = Debug|Any CPU
		{66EB28FD-9CE4-4FFF-A40C-C99B9C2A0497}.Release|Any CPU.ActiveCfg = Release|Any CPU
		{66EB28FD-9CE4-4FFF-A40C-C99B9C2A0497}.Release|Any CPU.Build.0 = Release|Any CPU
	EndGlobalSection
	GlobalSection(SolutionProperties) = preSolution
		HideSolutionNode = FALSE
	EndGlobalSection
	GlobalSection(ExtensibilityGlobals) = postSolution
		SolutionGuid = {7C690C92-E6E5-45DF-BC89-D738C843D582}
	EndGlobalSection
EndGlobal
