
Microsoft Visual Studio Solution File, Format Version 12.00
# Visual Studio Version 17
VisualStudioVersion = 17.3.32929.385
MinimumVisualStudioVersion = 10.0.40219.1
Project("{FAE04EC0-301F-11D3-BF4B-00C04F79EFBC}") = "ConsoleQuatreVingtEtUn", "ConsoleQuatreVingtEtUn\ConsoleQuatreVingtEtUn.csproj", "{527C4BD6-79A1-4860-966A-F1F1391628A9}"
EndProject
Project("{FAE04EC0-301F-11D3-BF4B-00C04F79EFBC}") = "QuatreVingtEtUn", "QuatreVingtEtUn\QuatreVingtEtUn.csproj", "{3479AD97-F18F-4175-944B-AB3E495E3781}"
EndProject
Global
	GlobalSection(SolutionConfigurationPlatforms) = preSolution
		Debug|Any CPU = Debug|Any CPU
		Release|Any CPU = Release|Any CPU
	EndGlobalSection
	GlobalSection(ProjectConfigurationPlatforms) = postSolution
		{527C4BD6-79A1-4860-966A-F1F1391628A9}.Debug|Any CPU.ActiveCfg = Debug|Any CPU
		{527C4BD6-79A1-4860-966A-F1F1391628A9}.Debug|Any CPU.Build.0 = Debug|Any CPU
		{527C4BD6-79A1-4860-966A-F1F1391628A9}.Release|Any CPU.ActiveCfg = Release|Any CPU
		{527C4BD6-79A1-4860-966A-F1F1391628A9}.Release|Any CPU.Build.0 = Release|Any CPU
		{3479AD97-F18F-4175-944B-AB3E495E3781}.Debug|Any CPU.ActiveCfg = Debug|Any CPU
		{3479AD97-F18F-4175-944B-AB3E495E3781}.Debug|Any CPU.Build.0 = Debug|Any CPU
		{3479AD97-F18F-4175-944B-AB3E495E3781}.Release|Any CPU.ActiveCfg = Release|Any CPU
		{3479AD97-F18F-4175-944B-AB3E495E3781}.Release|Any CPU.Build.0 = Release|Any CPU
	EndGlobalSection
	GlobalSection(SolutionProperties) = preSolution
		HideSolutionNode = FALSE
	EndGlobalSection
	GlobalSection(ExtensibilityGlobals) = postSolution
		SolutionGuid = {392D45DA-787F-436D-BF02-484C56E76F90}
	EndGlobalSection
EndGlobal
