
Microsoft Visual Studio Solution File, Format Version 12.00
# Visual Studio Version 17
VisualStudioVersion = 17.11.35219.272
MinimumVisualStudioVersion = 10.0.40219.1
Project("{FAE04EC0-301F-11D3-BF4B-00C04F79EFBC}") = "ToutEmbal", "ToutEmbal\ToutEmbal.csproj", "{C0187A91-A110-4AD0-9A04-FF3E110E1B5F}"
EndProject
Global
	GlobalSection(SolutionConfigurationPlatforms) = preSolution
		Debug|Any CPU = Debug|Any CPU
		Release|Any CPU = Release|Any CPU
	EndGlobalSection
	GlobalSection(ProjectConfigurationPlatforms) = postSolution
		{C0187A91-A110-4AD0-9A04-FF3E110E1B5F}.Debug|Any CPU.ActiveCfg = Debug|Any CPU
		{C0187A91-A110-4AD0-9A04-FF3E110E1B5F}.Debug|Any CPU.Build.0 = Debug|Any CPU
		{C0187A91-A110-4AD0-9A04-FF3E110E1B5F}.Release|Any CPU.ActiveCfg = Release|Any CPU
		{C0187A91-A110-4AD0-9A04-FF3E110E1B5F}.Release|Any CPU.Build.0 = Release|Any CPU
	EndGlobalSection
	GlobalSection(SolutionProperties) = preSolution
		HideSolutionNode = FALSE
	EndGlobalSection
	GlobalSection(ExtensibilityGlobals) = postSolution
		SolutionGuid = {98AC5973-A6A2-4012-8F3A-38EDBA570D49}
	EndGlobalSection
EndGlobal
