
Microsoft Visual Studio Solution File, Format Version 12.00
# Visual Studio Version 17
VisualStudioVersion = 17.3.32929.385
MinimumVisualStudioVersion = 10.0.40219.1
Project("{FAE04EC0-301F-11D3-BF4B-00C04F79EFBC}") = "LepidotpereConsole", "LepidotpereConsole\LepidotpereConsole.csproj", "{5C4DDB3B-3DC9-4AA2-8D1F-CC8CB42FDCDD}"
EndProject
Global
	GlobalSection(SolutionConfigurationPlatforms) = preSolution
		Debug|Any CPU = Debug|Any CPU
		Release|Any CPU = Release|Any CPU
	EndGlobalSection
	GlobalSection(ProjectConfigurationPlatforms) = postSolution
		{5C4DDB3B-3DC9-4AA2-8D1F-CC8CB42FDCDD}.Debug|Any CPU.ActiveCfg = Debug|Any CPU
		{5C4DDB3B-3DC9-4AA2-8D1F-CC8CB42FDCDD}.Debug|Any CPU.Build.0 = Debug|Any CPU
		{5C4DDB3B-3DC9-4AA2-8D1F-CC8CB42FDCDD}.Release|Any CPU.ActiveCfg = Release|Any CPU
		{5C4DDB3B-3DC9-4AA2-8D1F-CC8CB42FDCDD}.Release|Any CPU.Build.0 = Release|Any CPU
	EndGlobalSection
	GlobalSection(SolutionProperties) = preSolution
		HideSolutionNode = FALSE
	EndGlobalSection
	GlobalSection(ExtensibilityGlobals) = postSolution
		SolutionGuid = {666B5854-E496-4DEE-A547-EC741BF3CD67}
	EndGlobalSection
EndGlobal
