
Microsoft Visual Studio Solution File, Format Version 12.00
# Visual Studio Version 17
VisualStudioVersion = 17.3.32929.385
MinimumVisualStudioVersion = 10.0.40219.1
Project("{FAE04EC0-301F-11D3-BF4B-00C04F79EFBC}") = "AppBanque", "AppBanque\AppBanque.csproj", "{BFFF297B-7DAC-405C-9C04-BB642A9F5818}"
EndProject
Global
	GlobalSection(SolutionConfigurationPlatforms) = preSolution
		Debug|Any CPU = Debug|Any CPU
		Release|Any CPU = Release|Any CPU
	EndGlobalSection
	GlobalSection(ProjectConfigurationPlatforms) = postSolution
		{BFFF297B-7DAC-405C-9C04-BB642A9F5818}.Debug|Any CPU.ActiveCfg = Debug|Any CPU
		{BFFF297B-7DAC-405C-9C04-BB642A9F5818}.Debug|Any CPU.Build.0 = Debug|Any CPU
		{BFFF297B-7DAC-405C-9C04-BB642A9F5818}.Release|Any CPU.ActiveCfg = Release|Any CPU
		{BFFF297B-7DAC-405C-9C04-BB642A9F5818}.Release|Any CPU.Build.0 = Release|Any CPU
	EndGlobalSection
	GlobalSection(SolutionProperties) = preSolution
		HideSolutionNode = FALSE
	EndGlobalSection
	GlobalSection(ExtensibilityGlobals) = postSolution
		SolutionGuid = {944E0994-030A-43E2-A719-8B9B8722AE7D}
	EndGlobalSection
EndGlobal
